
Microsoft Visual Studio Solution File, Format Version 12.00
# Visual Studio 15
VisualStudioVersion = 15.0.28307.106
MinimumVisualStudioVersion = 10.0.40219.1
Project("{FAE04EC0-301F-11D3-BF4B-00C04F79EFBC}") = "TaximeterApp", "TaximeterApp\TaximeterApp.csproj", "{5E0DFF40-D0EC-49C9-ABE5-4F9D6CCAAB37}"
EndProject
Global
	GlobalSection(SolutionConfigurationPlatforms) = preSolution
		Debug|Any CPU = Debug|Any CPU
		Release|Any CPU = Release|Any CPU
	EndGlobalSection
	GlobalSection(ProjectConfigurationPlatforms) = postSolution
		{5E0DFF40-D0EC-49C9-ABE5-4F9D6CCAAB37}.Debug|Any CPU.ActiveCfg = Debug|Any CPU
		{5E0DFF40-D0EC-49C9-ABE5-4F9D6CCAAB37}.Debug|Any CPU.Build.0 = Debug|Any CPU
		{5E0DFF40-D0EC-49C9-ABE5-4F9D6CCAAB37}.Release|Any CPU.ActiveCfg = Release|Any CPU
		{5E0DFF40-D0EC-49C9-ABE5-4F9D6CCAAB37}.Release|Any CPU.Build.0 = Release|Any CPU
	EndGlobalSection
	GlobalSection(SolutionProperties) = preSolution
		HideSolutionNode = FALSE
	EndGlobalSection
	GlobalSection(ExtensibilityGlobals) = postSolution
		SolutionGuid = {6D4CCC11-EFA0-43B5-9297-9642EEE52E8E}
	EndGlobalSection
EndGlobal
